
Microsoft Visual Studio Solution File, Format Version 12.00
# Visual Studio 15
VisualStudioVersion = 15.0.28307.757
MinimumVisualStudioVersion = 10.0.40219.1
Project("{9092AA53-FB77-4645-B42D-1CCCA6BD08BD}") = "njsMinCoins", "njsMinCoins.njsproj", "{A792C0B7-141E-4C0E-9C47-D84962F4EACA}"
EndProject
Global
	GlobalSection(SolutionConfigurationPlatforms) = preSolution
		Debug|Any CPU = Debug|Any CPU
		Release|Any CPU = Release|Any CPU
	EndGlobalSection
	GlobalSection(ProjectConfigurationPlatforms) = postSolution
		{A792C0B7-141E-4C0E-9C47-D84962F4EACA}.Debug|Any CPU.ActiveCfg = Debug|Any CPU
		{A792C0B7-141E-4C0E-9C47-D84962F4EACA}.Debug|Any CPU.Build.0 = Debug|Any CPU
		{A792C0B7-141E-4C0E-9C47-D84962F4EACA}.Release|Any CPU.ActiveCfg = Release|Any CPU
		{A792C0B7-141E-4C0E-9C47-D84962F4EACA}.Release|Any CPU.Build.0 = Release|Any CPU
	EndGlobalSection
	GlobalSection(SolutionProperties) = preSolution
		HideSolutionNode = FALSE
	EndGlobalSection
	GlobalSection(ExtensibilityGlobals) = postSolution
		SolutionGuid = {B0E5D13D-AAE8-4D7C-AC19-5BD7634CF466}
	EndGlobalSection
EndGlobal
